
Microsoft Visual Studio Solution File, Format Version 12.00
# Visual Studio Version 16
VisualStudioVersion = 16.0.31205.134
MinimumVisualStudioVersion = 10.0.40219.1
Project("{FAE04EC0-301F-11D3-BF4B-00C04F79EFBC}") = "TrainingProject", "TrainingProject\TrainingProject.csproj", "{CDE568CB-453F-4A0C-A625-3B980882BA7E}"
EndProject
Project("{FAE04EC0-301F-11D3-BF4B-00C04F79EFBC}") = "TrainingProjectDataLayer", "TrainingProjectDataLayer\TrainingProjectDataLayer.csproj", "{8D1F6CB4-8336-4773-927E-5304133B6B83}"
EndProject
Global
	GlobalSection(SolutionConfigurationPlatforms) = preSolution
		Debug|Any CPU = Debug|Any CPU
		Release|Any CPU = Release|Any CPU
	EndGlobalSection
	GlobalSection(ProjectConfigurationPlatforms) = postSolution
		{CDE568CB-453F-4A0C-A625-3B980882BA7E}.Debug|Any CPU.ActiveCfg = Debug|Any CPU
		{CDE568CB-453F-4A0C-A625-3B980882BA7E}.Debug|Any CPU.Build.0 = Debug|Any CPU
		{CDE568CB-453F-4A0C-A625-3B980882BA7E}.Release|Any CPU.ActiveCfg = Release|Any CPU
		{CDE568CB-453F-4A0C-A625-3B980882BA7E}.Release|Any CPU.Build.0 = Release|Any CPU
		{8D1F6CB4-8336-4773-927E-5304133B6B83}.Debug|Any CPU.ActiveCfg = Debug|Any CPU
		{8D1F6CB4-8336-4773-927E-5304133B6B83}.Debug|Any CPU.Build.0 = Debug|Any CPU
		{8D1F6CB4-8336-4773-927E-5304133B6B83}.Release|Any CPU.ActiveCfg = Release|Any CPU
		{8D1F6CB4-8336-4773-927E-5304133B6B83}.Release|Any CPU.Build.0 = Release|Any CPU
	EndGlobalSection
	GlobalSection(SolutionProperties) = preSolution
		HideSolutionNode = FALSE
	EndGlobalSection
	GlobalSection(ExtensibilityGlobals) = postSolution
		LessCompiler = cde568cb-453f-4a0c-a625-3b980882ba7e
		SolutionGuid = {87A4A166-3642-4256-A67E-D016D2330EED}
	EndGlobalSection
EndGlobal
